{
    "name": "material-ui-vite-tailwind-ts",
    "version": "7.0.0",
    "lockfileVersion": 3,
    "requires": true,
    "packages": {
        "": {
            "name": "material-ui-vite-tailwind-ts",
            "version": "7.0.0",
            "dependencies": {
                "@emotion/react": "11.14.0",
                "@emotion/styled": "11.14.1",
                "@fontsource/roboto": "5.2.9",
                "@mui/icons-material": "7.3.5",
                "@mui/material": "7.3.5",
                "@tailwindcss/vite": "4.1.17",
                "axios": "^1.13.2",
                "mermaid": "^11.12.1",
                "react": "19.2.0",
                "react-dom": "19.2.0",
                "react-hook-form": "^7.66.1",
                "react-markdown": "^10.1.0",
                "react-router-dom": "7.9.6",
                "react-syntax-highlighter": "^16.1.0",
                "rehype-katex": "^7.0.1",
                "remark-gfm": "^4.0.1",
                "remark-math": "^6.0.0",
                "tailwindcss": "4.1.17"
            },
            "devDependencies": {
                "@trivago/prettier-plugin-sort-imports": "^6.0.0",
                "@types/react": "19.2.6",
                "@types/react-dom": "19.2.3",
                "@types/react-syntax-highlighter": "^15.5.13",
                "@vitejs/plugin-react": "5.1.1",
                "babel-plugin-react-compiler": "1.0.0",
                "prettier": "^3.6.2",
                "tslog": "^4.10.2"
            }
        },
        "../node_modules/.pnpm/@emotion+react@11.14.0_@types+react@19.2.6_react@19.2.0/node_modules/@emotion/react": {
            "version": "11.14.0",
            "license": "MIT",
            "dependencies": {
                "@babel/runtime": "^7.18.3",
                "@emotion/babel-plugin": "^11.13.5",
                "@emotion/cache": "^11.14.0",
                "@emotion/serialize": "^1.3.3",
                "@emotion/use-insertion-effect-with-fallbacks": "^1.2.0",
                "@emotion/utils": "^1.4.2",
                "@emotion/weak-memoize": "^0.4.0",
                "hoist-non-react-statics": "^3.3.1"
            },
            "devDependencies": {
                "@definitelytyped/dtslint": "0.0.112",
                "@emotion/css": "11.13.5",
                "@emotion/css-prettifier": "1.2.0",
                "@emotion/server": "11.11.0",
                "@emotion/styled": "11.14.0",
                "@types/hoist-non-react-statics": "^3.3.5",
                "html-tag-names": "^1.1.2",
                "react": "16.14.0",
                "svg-tag-names": "^1.1.1",
                "typescript": "^5.4.5"
            },
            "peerDependencies": {
                "react": ">=16.8.0"
            },
            "peerDependenciesMeta": {
                "@types/react": {
                    "optional": true
                }
            }
        },
        "../node_modules/.pnpm/@emotion+styled@11.14.1_@emotion+react@11.14.0_@types+react@19.2.6_react@19.2.0__@types+react@19.2.6_react@19.2.0/node_modules/@emotion/styled": {
            "version": "11.14.1",
            "license": "MIT",
            "dependencies": {
                "@babel/runtime": "^7.18.3",
                "@emotion/babel-plugin": "^11.13.5",
                "@emotion/is-prop-valid": "^1.3.0",
                "@emotion/serialize": "^1.3.3",
                "@emotion/use-insertion-effect-with-fallbacks": "^1.2.0",
                "@emotion/utils": "^1.4.2"
            },
            "devDependencies": {
                "@definitelytyped/dtslint": "0.0.112",
                "@emotion/react": "11.14.0",
                "react": "16.14.0",
                "typescript": "^5.4.5"
            },
            "peerDependencies": {
                "@emotion/react": "^11.0.0-rc.0",
                "react": ">=16.8.0"
            },
            "peerDependenciesMeta": {
                "@types/react": {
                    "optional": true
                }
            }
        },
        "../node_modules/.pnpm/@fontsource+roboto@5.2.9/node_modules/@fontsource/roboto": {
            "version": "5.2.9",
            "license": "OFL-1.1",
            "funding": {
                "url": "https://github.com/sponsors/ayuhito"
            }
        },
        "../node_modules/.pnpm/@mui+icons-material@7.3.5_@mui+material@7.3.5_@emotion+react@11.14.0_@types+react@19.2._4680f6fcda08ab9e3456dd81994b1078/node_modules/@mui/icons-material": {
            "version": "7.3.5",
            "license": "MIT",
            "dependencies": {
                "@babel/runtime": "^7.28.4"
            },
            "engines": {
                "node": ">=14.0.0"
            },
            "funding": {
                "type": "opencollective",
                "url": "https://opencollective.com/mui-org"
            },
            "peerDependencies": {
                "@mui/material": "^7.3.5",
                "@types/react": "^17.0.0 || ^18.0.0 || ^19.0.0",
                "react": "^17.0.0 || ^18.0.0 || ^19.0.0"
            },
            "peerDependenciesMeta": {
                "@types/react": {
                    "optional": true
                }
            }
        },
        "../node_modules/.pnpm/@mui+material@7.3.5_@emotion+react@11.14.0_@types+react@19.2.6_react@19.2.0__@emotion+s_de569806c5bd7fa92d849129493b7d0d/node_modules/@mui/material": {
            "version": "7.3.5",
            "license": "MIT",
            "dependencies": {
                "@babel/runtime": "^7.28.4",
                "@mui/core-downloads-tracker": "^7.3.5",
                "@mui/system": "^7.3.5",
                "@mui/types": "^7.4.8",
                "@mui/utils": "^7.3.5",
                "@popperjs/core": "^2.11.8",
                "@types/react-transition-group": "^4.4.12",
                "clsx": "^2.1.1",
                "csstype": "^3.1.3",
                "prop-types": "^15.8.1",
                "react-is": "^19.2.0",
                "react-transition-group": "^4.4.5"
            },
            "engines": {
                "node": ">=14.0.0"
            },
            "funding": {
                "type": "opencollective",
                "url": "https://opencollective.com/mui-org"
            },
            "peerDependencies": {
                "@emotion/react": "^11.5.0",
                "@emotion/styled": "^11.3.0",
                "@mui/material-pigment-css": "^7.3.5",
                "@types/react": "^17.0.0 || ^18.0.0 || ^19.0.0",
                "react": "^17.0.0 || ^18.0.0 || ^19.0.0",
                "react-dom": "^17.0.0 || ^18.0.0 || ^19.0.0"
            },
            "peerDependenciesMeta": {
                "@emotion/react": {
                    "optional": true
                },
                "@emotion/styled": {
                    "optional": true
                },
                "@mui/material-pigment-css": {
                    "optional": true
                },
                "@types/react": {
                    "optional": true
                }
            }
        },
        "../node_modules/.pnpm/@tailwindcss+vite@4.1.17_vite@7.2.2_@types+node@24.10.1_jiti@2.6.1_lightningcss@1.30.2_terser@5.44.1_/node_modules/@tailwindcss/vite": {
            "version": "4.1.17",
            "license": "MIT",
            "dependencies": {
                "@tailwindcss/node": "4.1.17",
                "@tailwindcss/oxide": "4.1.17",
                "tailwindcss": "4.1.17"
            },
            "devDependencies": {
                "@types/node": "^20.19.0",
                "vite": "^7.0.0"
            },
            "peerDependencies": {
                "vite": "^5.2.0 || ^6 || ^7"
            }
        },
        "../node_modules/.pnpm/@trivago+prettier-plugin-sort-imports@6.0.0_prettier@3.6.2/node_modules/@trivago/prettier-plugin-sort-imports": {
            "version": "6.0.0",
            "dev": true,
            "license": "Apache-2.0",
            "dependencies": {
                "@babel/generator": "^7.28.0",
                "@babel/parser": "^7.28.0",
                "@babel/traverse": "^7.28.0",
                "@babel/types": "^7.28.0",
                "javascript-natural-sort": "^0.7.1",
                "lodash-es": "^4.17.21",
                "minimatch": "^9.0.0",
                "parse-imports-exports": "^0.2.4"
            },
            "devDependencies": {
                "@babel/core": "^7.26.7",
                "@types/babel__core": "^7.20.5",
                "@types/babel__generator": "^7.27.0",
                "@types/babel__traverse": "^7.20.7",
                "@types/lodash-es": "^4.17.12",
                "@types/minimatch": "^5.1.2",
                "@types/node": "^22.10.10",
                "@vue/compiler-sfc": "^3.5.13",
                "prettier": "^3.4.2",
                "prettier-plugin-ember-template-tag": "^2.1.0",
                "prettier-plugin-svelte": "^3.3.3",
                "svelte": "^4.2.19",
                "typescript": "^5.7.3",
                "vitest": "^3.2.4"
            },
            "engines": {
                "node": ">= 20"
            },
            "peerDependencies": {
                "@vue/compiler-sfc": "3.x",
                "prettier": "2.x - 3.x",
                "prettier-plugin-ember-template-tag": ">= 2.0.0",
                "prettier-plugin-svelte": "3.x",
                "svelte": "4.x || 5.x"
            },
            "peerDependenciesMeta": {
                "@vue/compiler-sfc": {
                    "optional": true
                },
                "prettier-plugin-ember-template-tag": {
                    "optional": true
                },
                "prettier-plugin-svelte": {
                    "optional": true
                },
                "svelte": {
                    "optional": true
                }
            }
        },
        "../node_modules/.pnpm/@types+react-dom@19.2.3_@types+react@19.2.6/node_modules/@types/react-dom": {
            "version": "19.2.3",
            "dev": true,
            "license": "MIT",
            "peerDependencies": {
                "@types/react": "^19.2.0"
            }
        },
        "../node_modules/.pnpm/@types+react-syntax-highlighter@15.5.13/node_modules/@types/react-syntax-highlighter": {
            "version": "15.5.13",
            "dev": true,
            "license": "MIT",
            "dependencies": {
                "@types/react": "*"
            }
        },
        "../node_modules/.pnpm/@types+react@19.2.6/node_modules/@types/react": {
            "version": "19.2.6",
            "dev": true,
            "license": "MIT",
            "dependencies": {
                "csstype": "^3.2.2"
            }
        },
        "../node_modules/.pnpm/@vitejs+plugin-react@5.1.1_vite@7.2.2_@types+node@24.10.1_jiti@2.6.1_lightningcss@1.30.2_terser@5.44.1_/node_modules/@vitejs/plugin-react": {
            "version": "5.1.1",
            "dev": true,
            "license": "MIT",
            "dependencies": {
                "@babel/core": "^7.28.5",
                "@babel/plugin-transform-react-jsx-self": "^7.27.1",
                "@babel/plugin-transform-react-jsx-source": "^7.27.1",
                "@rolldown/pluginutils": "1.0.0-beta.47",
                "@types/babel__core": "^7.20.5",
                "react-refresh": "^0.18.0"
            },
            "devDependencies": {
                "@vitejs/react-common": "workspace:*",
                "babel-plugin-react-compiler": "19.1.0-rc.3",
                "react": "^19.2.0",
                "react-dom": "^19.2.0",
                "rolldown": "1.0.0-beta.47",
                "tsdown": "^0.16.1"
            },
            "engines": {
                "node": "^20.19.0 || >=22.12.0"
            },
            "peerDependencies": {
                "vite": "^4.2.0 || ^5.0.0 || ^6.0.0 || ^7.0.0"
            }
        },
        "../node_modules/.pnpm/axios@1.13.2/node_modules/axios": {
            "version": "1.13.2",
            "license": "MIT",
            "dependencies": {
                "follow-redirects": "^1.15.6",
                "form-data": "^4.0.4",
                "proxy-from-env": "^1.1.0"
            },
            "devDependencies": {
                "@babel/core": "^7.23.9",
                "@babel/preset-env": "^7.23.9",
                "@commitlint/cli": "^17.8.1",
                "@commitlint/config-conventional": "^17.8.1",
                "@release-it/conventional-changelog": "^5.1.1",
                "@rollup/plugin-alias": "^5.1.0",
                "@rollup/plugin-babel": "^5.3.1",
                "@rollup/plugin-commonjs": "^15.1.0",
                "@rollup/plugin-json": "^4.1.0",
                "@rollup/plugin-multi-entry": "^4.1.0",
                "@rollup/plugin-node-resolve": "^9.0.0",
                "abortcontroller-polyfill": "^1.7.5",
                "auto-changelog": "^2.4.0",
                "body-parser": "^1.20.2",
                "chalk": "^5.3.0",
                "coveralls": "^3.1.1",
                "cross-env": "^7.0.3",
                "dev-null": "^0.1.1",
                "dtslint": "^4.2.1",
                "es6-promise": "^4.2.8",
                "eslint": "^8.56.0",
                "express": "^4.18.2",
                "formdata-node": "^5.0.1",
                "formidable": "^2.1.2",
                "fs-extra": "^10.1.0",
                "get-stream": "^3.0.0",
                "gulp": "^4.0.2",
                "handlebars": "^4.7.8",
                "husky": "^8.0.3",
                "istanbul-instrumenter-loader": "^3.0.1",
                "jasmine-core": "^2.99.1",
                "karma": "^6.3.17",
                "karma-chrome-launcher": "^3.2.0",
                "karma-firefox-launcher": "^2.1.2",
                "karma-jasmine": "^1.1.2",
                "karma-jasmine-ajax": "^0.1.13",
                "karma-rollup-preprocessor": "^7.0.8",
                "karma-safari-launcher": "^1.0.0",
                "karma-sauce-launcher": "^4.3.6",
                "karma-sinon": "^1.0.5",
                "karma-sourcemap-loader": "^0.3.8",
                "memoizee": "^0.4.15",
                "minimist": "^1.2.8",
                "mocha": "^10.3.0",
                "multer": "^1.4.4",
                "pacote": "^20.0.0",
                "pretty-bytes": "^6.1.1",
                "release-it": "^15.11.0",
                "rollup": "^2.79.1",
                "rollup-plugin-auto-external": "^2.0.0",
                "rollup-plugin-bundle-size": "^1.0.3",
                "rollup-plugin-terser": "^7.0.2",
                "selfsigned": "^3.0.1",
                "sinon": "^4.5.0",
                "stream-throttle": "^0.1.3",
                "string-replace-async": "^3.0.2",
                "tar-stream": "^3.1.7",
                "typescript": "^4.9.5"
            }
        },
        "../node_modules/.pnpm/babel-plugin-react-compiler@1.0.0/node_modules/babel-plugin-react-compiler": {
            "version": "1.0.0",
            "dev": true,
            "license": "MIT",
            "dependencies": {
                "@babel/types": "^7.26.0"
            },
            "devDependencies": {
                "@babel/core": "^7.2.0",
                "@babel/generator": "7.2.0",
                "@babel/parser": "^7.2.0",
                "@babel/plugin-syntax-typescript": "^7.18.6",
                "@babel/plugin-transform-block-scoping": "^7.18.9",
                "@babel/plugin-transform-modules-commonjs": "^7.18.6",
                "@babel/preset-react": "^7.18.6",
                "@babel/preset-typescript": "^7.18.6",
                "@babel/traverse": "^7.2.0",
                "@testing-library/react": "^13.4.0",
                "@tsconfig/node18-strictest": "^1.0.0",
                "@types/glob": "^8.1.0",
                "@types/invariant": "^2.2.35",
                "@types/jest": "^29.0.3",
                "@types/node": "^18.7.18",
                "@typescript-eslint/eslint-plugin": "^8.7.0",
                "@typescript-eslint/parser": "^8.7.0",
                "babel-jest": "^29.0.3",
                "babel-plugin-fbt": "^1.0.0",
                "babel-plugin-fbt-runtime": "^1.0.0",
                "eslint": "^8.57.1",
                "invariant": "^2.2.4",
                "jest": "^29.0.3",
                "jest-environment-jsdom": "^29.0.3",
                "pretty-format": "^24",
                "react": "0.0.0-experimental-4beb1fd8-20241118",
                "react-dom": "0.0.0-experimental-4beb1fd8-20241118",
                "ts-jest": "^29.1.1",
                "ts-node": "^10.9.2",
                "zod": "^3.22.4 || ^4.0.0",
                "zod-validation-error": "^3.0.3 || ^4.0.0"
            }
        },
        "../node_modules/.pnpm/mermaid@11.12.1/node_modules/mermaid": {
            "version": "11.12.1",
            "license": "MIT",
            "dependencies": {
                "@braintree/sanitize-url": "^7.1.1",
                "@iconify/utils": "^3.0.1",
                "@mermaid-js/parser": "^0.6.3",
                "@types/d3": "^7.4.3",
                "cytoscape": "^3.29.3",
                "cytoscape-cose-bilkent": "^4.1.0",
                "cytoscape-fcose": "^2.2.0",
                "d3": "^7.9.0",
                "d3-sankey": "^0.12.3",
                "dagre-d3-es": "7.0.13",
                "dayjs": "^1.11.18",
                "dompurify": "^3.2.5",
                "katex": "^0.16.22",
                "khroma": "^2.1.0",
                "lodash-es": "^4.17.21",
                "marked": "^16.2.1",
                "roughjs": "^4.6.6",
                "stylis": "^4.3.6",
                "ts-dedent": "^2.2.0",
                "uuid": "^11.1.0"
            },
            "devDependencies": {
                "@adobe/jsonschema2md": "^8.0.5",
                "@iconify/types": "^2.0.0",
                "@types/cytoscape": "^3.21.9",
                "@types/cytoscape-fcose": "^2.2.4",
                "@types/d3-sankey": "^0.12.4",
                "@types/d3-scale": "^4.0.9",
                "@types/d3-scale-chromatic": "^3.1.0",
                "@types/d3-selection": "^3.0.11",
                "@types/d3-shape": "^3.1.7",
                "@types/jsdom": "^21.1.7",
                "@types/katex": "^0.16.7",
                "@types/lodash-es": "^4.17.12",
                "@types/micromatch": "^4.0.9",
                "@types/stylis": "^4.2.7",
                "@types/uuid": "^10.0.0",
                "ajv": "^8.17.1",
                "canvas": "^3.1.2",
                "chokidar": "3.6.0",
                "concurrently": "^9.1.2",
                "csstree-validator": "^4.0.1",
                "globby": "^14.1.0",
                "jison": "^0.4.18",
                "js-base64": "^3.7.8",
                "jsdom": "^26.1.0",
                "json-schema-to-typescript": "^15.0.4",
                "micromatch": "^4.0.8",
                "path-browserify": "^1.0.1",
                "prettier": "^3.5.3",
                "remark": "^15.0.1",
                "remark-frontmatter": "^5.0.0",
                "remark-gfm": "^4.0.1",
                "rimraf": "^6.0.1",
                "start-server-and-test": "^2.0.13",
                "type-fest": "^4.35.0",
                "typedoc": "^0.28.12",
                "typedoc-plugin-markdown": "^4.8.1",
                "typescript": "~5.7.3",
                "unist-util-flatmap": "^1.0.0",
                "unist-util-visit": "^5.0.0",
                "vitepress": "^1.6.4",
                "vitepress-plugin-search": "1.0.4-alpha.22"
            }
        },
        "../node_modules/.pnpm/prettier@3.6.2/node_modules/prettier": {
            "version": "3.6.2",
            "dev": true,
            "license": "MIT",
            "bin": {
                "prettier": "bin/prettier.cjs"
            },
            "engines": {
                "node": ">=14"
            },
            "funding": {
                "url": "https://github.com/prettier/prettier?sponsor=1"
            }
        },
        "../node_modules/.pnpm/react-dom@19.2.0_react@19.2.0/node_modules/react-dom": {
            "version": "19.2.0",
            "license": "MIT",
            "dependencies": {
                "scheduler": "^0.27.0"
            },
            "peerDependencies": {
                "react": "^19.2.0"
            }
        },
        "../node_modules/.pnpm/react-hook-form@7.66.1_react@19.2.0/node_modules/react-hook-form": {
            "version": "7.66.1",
            "license": "MIT",
            "devDependencies": {
                "@eslint/compat": "^1.4.1",
                "@microsoft/api-extractor": "^7.53.3",
                "@rollup/plugin-commonjs": "^28.0.9",
                "@rollup/plugin-node-resolve": "^16.0.3",
                "@rollup/plugin-terser": "^0.4.4",
                "@swc/core": "^1.14.0",
                "@swc/jest": "^0.2.39",
                "@testing-library/jest-dom": "^6.9.1",
                "@testing-library/react": "^16.3.0",
                "@types/jest": "^30.0.0",
                "@types/react": "^19.2.2",
                "@types/react-dom": "^19.2.2",
                "bundlewatch": "^0.4.1",
                "cypress": "^15.5.0",
                "eslint": "^9.39.0",
                "eslint-config-prettier": "^10.1.8",
                "eslint-plugin-cypress": "^5.2.0",
                "eslint-plugin-prettier": "^5.5.4",
                "eslint-plugin-react": "^7.37.5",
                "eslint-plugin-react-hooks": "^5.2.0",
                "eslint-plugin-simple-import-sort": "^12.1.1",
                "husky": "^9.1.7",
                "jest": "^30.2.0",
                "jest-environment-jsdom": "^30.2.0",
                "jest-fixed-jsdom": "^0.0.10",
                "jest-preview": "^0.3.2",
                "lint-staged": "^16.2.6",
                "prettier": "^3.6.2",
                "react": "^19.2.0",
                "react-dom": "^19.2.0",
                "rimraf": "^6.1.0",
                "rollup": "^4.52.5",
                "rollup-plugin-typescript2": "^0.36.0",
                "tsd": "^0.33.0",
                "typescript": "^5.9.3",
                "typescript-eslint": "^8.46.2",
                "whatwg-fetch": "^3.6.20",
                "zod": "^3.25.76"
            },
            "engines": {
                "node": ">=18.0.0"
            },
            "funding": {
                "type": "opencollective",
                "url": "https://opencollective.com/react-hook-form"
            },
            "peerDependencies": {
                "react": "^16.8.0 || ^17 || ^18 || ^19"
            }
        },
        "../node_modules/.pnpm/react-markdown@10.1.0_@types+react@19.2.6_react@19.2.0/node_modules/react-markdown": {
            "version": "10.1.0",
            "license": "MIT",
            "dependencies": {
                "@types/hast": "^3.0.0",
                "@types/mdast": "^4.0.0",
                "devlop": "^1.0.0",
                "hast-util-to-jsx-runtime": "^2.0.0",
                "html-url-attributes": "^3.0.0",
                "mdast-util-to-hast": "^13.0.0",
                "remark-parse": "^11.0.0",
                "remark-rehype": "^11.0.0",
                "unified": "^11.0.0",
                "unist-util-visit": "^5.0.0",
                "vfile": "^6.0.0"
            },
            "devDependencies": {
                "@testing-library/react": "^16.0.0",
                "@types/node": "^22.0.0",
                "@types/react": "^19.0.0",
                "@types/react-dom": "^19.0.0",
                "c8": "^10.0.0",
                "concat-stream": "^2.0.0",
                "esbuild": "^0.25.0",
                "eslint-plugin-react": "^7.0.0",
                "global-jsdom": "^26.0.0",
                "prettier": "^3.0.0",
                "react": "^19.0.0",
                "react-dom": "^19.0.0",
                "rehype-raw": "^7.0.0",
                "rehype-starry-night": "^2.0.0",
                "remark-cli": "^12.0.0",
                "remark-gfm": "^4.0.0",
                "remark-preset-wooorm": "^11.0.0",
                "remark-toc": "^9.0.0",
                "type-coverage": "^2.0.0",
                "typescript": "^5.0.0",
                "xo": "^0.60.0"
            },
            "funding": {
                "type": "opencollective",
                "url": "https://opencollective.com/unified"
            },
            "peerDependencies": {
                "@types/react": ">=18",
                "react": ">=18"
            }
        },
        "../node_modules/.pnpm/react-router-dom@7.9.6_react-dom@19.2.0_react@19.2.0__react@19.2.0/node_modules/react-router-dom": {
            "version": "7.9.6",
            "license": "MIT",
            "dependencies": {
                "react-router": "7.9.6"
            },
            "devDependencies": {
                "react": "^19.1.0",
                "react-dom": "^19.1.0",
                "tsup": "^8.3.0",
                "typescript": "^5.1.6",
                "wireit": "0.14.9"
            },
            "engines": {
                "node": ">=20.0.0"
            },
            "peerDependencies": {
                "react": ">=18",
                "react-dom": ">=18"
            }
        },
        "../node_modules/.pnpm/react-syntax-highlighter@16.1.0_react@19.2.0/node_modules/react-syntax-highlighter": {
            "version": "16.1.0",
            "license": "MIT",
            "dependencies": {
                "@babel/runtime": "^7.28.4",
                "highlight.js": "^10.4.1",
                "highlightjs-vue": "^1.0.0",
                "lowlight": "^1.17.0",
                "prismjs": "^1.30.0",
                "refractor": "^5.0.0"
            },
            "devDependencies": {
                "@babel/cli": "^7.28.3",
                "@babel/core": "^7.28.4",
                "@babel/eslint-parser": "^7.28.4",
                "@babel/plugin-syntax-dynamic-import": "^7.8.3",
                "@babel/plugin-transform-class-properties": "^7.27.1",
                "@babel/plugin-transform-modules-commonjs": "^7.27.1",
                "@babel/plugin-transform-object-rest-spread": "^7.0.0",
                "@babel/plugin-transform-runtime": "^7.28.3",
                "@babel/preset-env": "^7.28.3",
                "@babel/preset-react": "^7.27.1",
                "babel-jest": "^26.1.0",
                "babel-loader": "^9.2.1",
                "babel-plugin-transform-dynamic-import": "^2.1.0",
                "chokidar": "^3.6.0",
                "cross-env": "^7.0.3",
                "css": "^2.2.1",
                "css-loader": "^6.11.0",
                "eslint": "^7.7.0",
                "eslint-config-prettier": "^6.11.0",
                "eslint-plugin-jest": "^23.20.0",
                "eslint-plugin-prettier": "^3.1.4",
                "eslint-plugin-react": "^7.20.6",
                "husky": "^1.1.4",
                "jest": "^26.1.0",
                "lint-staged": "^14.0.1",
                "prettier": "^1.15.2",
                "prism-themes": "1.9.0",
                "react": "^15.2.0",
                "react-dom": "^15.2.0",
                "react-syntax-highlighter-virtualized-renderer": "^1.0.3",
                "react-test-renderer": "^15.3.2",
                "request": "^2.88.0",
                "style-loader": "^3.3.4",
                "to-camel-case": "^1.0.0",
                "webpack": "^5.102.1",
                "webpack-cli": "^5.1.4",
                "webpack-dev-server": "^4.15.2"
            },
            "engines": {
                "node": ">= 16.20.2"
            },
            "peerDependencies": {
                "react": ">= 0.14.0"
            }
        },
        "../node_modules/.pnpm/react@19.2.0/node_modules/react": {
            "version": "19.2.0",
            "license": "MIT",
            "engines": {
                "node": ">=0.10.0"
            }
        },
        "../node_modules/.pnpm/rehype-katex@7.0.1/node_modules/rehype-katex": {
            "version": "7.0.1",
            "license": "MIT",
            "dependencies": {
                "@types/hast": "^3.0.0",
                "@types/katex": "^0.16.0",
                "hast-util-from-html-isomorphic": "^2.0.0",
                "hast-util-to-text": "^4.0.0",
                "katex": "^0.16.0",
                "unist-util-visit-parents": "^6.0.0",
                "vfile": "^6.0.0"
            },
            "funding": {
                "type": "opencollective",
                "url": "https://opencollective.com/unified"
            }
        },
        "../node_modules/.pnpm/remark-gfm@4.0.1/node_modules/remark-gfm": {
            "version": "4.0.1",
            "license": "MIT",
            "dependencies": {
                "@types/mdast": "^4.0.0",
                "mdast-util-gfm": "^3.0.0",
                "micromark-extension-gfm": "^3.0.0",
                "remark-parse": "^11.0.0",
                "remark-stringify": "^11.0.0",
                "unified": "^11.0.0"
            },
            "devDependencies": {
                "@types/node": "^22.0.0",
                "c8": "^10.0.0",
                "is-hidden": "^2.0.0",
                "prettier": "^3.0.0",
                "remark": "^15.0.0",
                "remark-cli": "^12.0.0",
                "remark-preset-wooorm": "^11.0.0",
                "string-width": "^6.0.0",
                "to-vfile": "^8.0.0",
                "type-coverage": "^2.0.0",
                "typescript": "^5.0.0",
                "xo": "^0.60.0"
            },
            "funding": {
                "type": "opencollective",
                "url": "https://opencollective.com/unified"
            }
        },
        "../node_modules/.pnpm/remark-math@6.0.0/node_modules/remark-math": {
            "version": "6.0.0",
            "license": "MIT",
            "dependencies": {
                "@types/mdast": "^4.0.0",
                "mdast-util-math": "^3.0.0",
                "micromark-extension-math": "^3.0.0",
                "unified": "^11.0.0"
            },
            "funding": {
                "type": "opencollective",
                "url": "https://opencollective.com/unified"
            }
        },
        "../node_modules/.pnpm/tailwindcss@4.1.17/node_modules/tailwindcss": {
            "version": "4.1.17",
            "license": "MIT",
            "devDependencies": {
                "@jridgewell/remapping": "^2.3.4",
                "@tailwindcss/oxide": "^4.1.17",
                "@types/node": "^20.19.0",
                "dedent": "1.7.0",
                "lightningcss": "1.30.2",
                "magic-string": "^0.30.21",
                "source-map-js": "^1.2.1"
            }
        },
        "../node_modules/.pnpm/tslog@4.10.2/node_modules/tslog": {
            "version": "4.10.2",
            "dev": true,
            "license": "MIT",
            "engines": {
                "node": ">=16"
            },
            "funding": {
                "url": "https://github.com/fullstack-build/tslog?sponsor=1"
            }
        },
        "node_modules/@emotion/react": {
            "resolved": "../node_modules/.pnpm/@emotion+react@11.14.0_@types+react@19.2.6_react@19.2.0/node_modules/@emotion/react",
            "link": true
        },
        "node_modules/@emotion/styled": {
            "resolved": "../node_modules/.pnpm/@emotion+styled@11.14.1_@emotion+react@11.14.0_@types+react@19.2.6_react@19.2.0__@types+react@19.2.6_react@19.2.0/node_modules/@emotion/styled",
            "link": true
        },
        "node_modules/@fontsource/roboto": {
            "resolved": "../node_modules/.pnpm/@fontsource+roboto@5.2.9/node_modules/@fontsource/roboto",
            "link": true
        },
        "node_modules/@mui/icons-material": {
            "resolved": "../node_modules/.pnpm/@mui+icons-material@7.3.5_@mui+material@7.3.5_@emotion+react@11.14.0_@types+react@19.2._4680f6fcda08ab9e3456dd81994b1078/node_modules/@mui/icons-material",
            "link": true
        },
        "node_modules/@mui/material": {
            "resolved": "../node_modules/.pnpm/@mui+material@7.3.5_@emotion+react@11.14.0_@types+react@19.2.6_react@19.2.0__@emotion+s_de569806c5bd7fa92d849129493b7d0d/node_modules/@mui/material",
            "link": true
        },
        "node_modules/@tailwindcss/vite": {
            "resolved": "../node_modules/.pnpm/@tailwindcss+vite@4.1.17_vite@7.2.2_@types+node@24.10.1_jiti@2.6.1_lightningcss@1.30.2_terser@5.44.1_/node_modules/@tailwindcss/vite",
            "link": true
        },
        "node_modules/@trivago/prettier-plugin-sort-imports": {
            "resolved": "../node_modules/.pnpm/@trivago+prettier-plugin-sort-imports@6.0.0_prettier@3.6.2/node_modules/@trivago/prettier-plugin-sort-imports",
            "link": true
        },
        "node_modules/@types/react": {
            "resolved": "../node_modules/.pnpm/@types+react@19.2.6/node_modules/@types/react",
            "link": true
        },
        "node_modules/@types/react-dom": {
            "resolved": "../node_modules/.pnpm/@types+react-dom@19.2.3_@types+react@19.2.6/node_modules/@types/react-dom",
            "link": true
        },
        "node_modules/@types/react-syntax-highlighter": {
            "resolved": "../node_modules/.pnpm/@types+react-syntax-highlighter@15.5.13/node_modules/@types/react-syntax-highlighter",
            "link": true
        },
        "node_modules/@vitejs/plugin-react": {
            "resolved": "../node_modules/.pnpm/@vitejs+plugin-react@5.1.1_vite@7.2.2_@types+node@24.10.1_jiti@2.6.1_lightningcss@1.30.2_terser@5.44.1_/node_modules/@vitejs/plugin-react",
            "link": true
        },
        "node_modules/axios": {
            "resolved": "../node_modules/.pnpm/axios@1.13.2/node_modules/axios",
            "link": true
        },
        "node_modules/babel-plugin-react-compiler": {
            "resolved": "../node_modules/.pnpm/babel-plugin-react-compiler@1.0.0/node_modules/babel-plugin-react-compiler",
            "link": true
        },
        "node_modules/mermaid": {
            "resolved": "../node_modules/.pnpm/mermaid@11.12.1/node_modules/mermaid",
            "link": true
        },
        "node_modules/prettier": {
            "resolved": "../node_modules/.pnpm/prettier@3.6.2/node_modules/prettier",
            "link": true
        },
        "node_modules/react": {
            "resolved": "../node_modules/.pnpm/react@19.2.0/node_modules/react",
            "link": true
        },
        "node_modules/react-dom": {
            "resolved": "../node_modules/.pnpm/react-dom@19.2.0_react@19.2.0/node_modules/react-dom",
            "link": true
        },
        "node_modules/react-hook-form": {
            "resolved": "../node_modules/.pnpm/react-hook-form@7.66.1_react@19.2.0/node_modules/react-hook-form",
            "link": true
        },
        "node_modules/react-markdown": {
            "resolved": "../node_modules/.pnpm/react-markdown@10.1.0_@types+react@19.2.6_react@19.2.0/node_modules/react-markdown",
            "link": true
        },
        "node_modules/react-router-dom": {
            "resolved": "../node_modules/.pnpm/react-router-dom@7.9.6_react-dom@19.2.0_react@19.2.0__react@19.2.0/node_modules/react-router-dom",
            "link": true
        },
        "node_modules/react-syntax-highlighter": {
            "resolved": "../node_modules/.pnpm/react-syntax-highlighter@16.1.0_react@19.2.0/node_modules/react-syntax-highlighter",
            "link": true
        },
        "node_modules/rehype-katex": {
            "resolved": "../node_modules/.pnpm/rehype-katex@7.0.1/node_modules/rehype-katex",
            "link": true
        },
        "node_modules/remark-gfm": {
            "resolved": "../node_modules/.pnpm/remark-gfm@4.0.1/node_modules/remark-gfm",
            "link": true
        },
        "node_modules/remark-math": {
            "resolved": "../node_modules/.pnpm/remark-math@6.0.0/node_modules/remark-math",
            "link": true
        },
        "node_modules/tailwindcss": {
            "resolved": "../node_modules/.pnpm/tailwindcss@4.1.17/node_modules/tailwindcss",
            "link": true
        },
        "node_modules/tslog": {
            "resolved": "../node_modules/.pnpm/tslog@4.10.2/node_modules/tslog",
            "link": true
        }
    }
}
